
Microsoft Visual Studio Solution File, Format Version 12.00
Project("{FAE04EC0-301F-11D3-BF4B-00C04F79EFBC}") = "NetSpeed.App", "NetSpeed.App\NetSpeed.App.csproj", "{D03A269E-8FB7-4449-BCAE-F710A9990017}"
EndProject
Project("{FAE04EC0-301F-11D3-BF4B-00C04F79EFBC}") = "SpeedTester", "SpeedTester\SpeedTester.csproj", "{2CC99A62-C7F8-4249-B2C7-82AF1143DCD6}"
EndProject
Global
	GlobalSection(SolutionConfigurationPlatforms) = preSolution
		Debug|Any CPU = Debug|Any CPU
		Release|Any CPU = Release|Any CPU
	EndGlobalSection
	GlobalSection(ProjectConfigurationPlatforms) = postSolution
		{D03A269E-8FB7-4449-BCAE-F710A9990017}.Debug|Any CPU.ActiveCfg = Debug|Any CPU
		{D03A269E-8FB7-4449-BCAE-F710A9990017}.Debug|Any CPU.Build.0 = Debug|Any CPU
		{D03A269E-8FB7-4449-BCAE-F710A9990017}.Release|Any CPU.ActiveCfg = Release|Any CPU
		{D03A269E-8FB7-4449-BCAE-F710A9990017}.Release|Any CPU.Build.0 = Release|Any CPU
		{2CC99A62-C7F8-4249-B2C7-82AF1143DCD6}.Debug|Any CPU.ActiveCfg = Debug|Any CPU
		{2CC99A62-C7F8-4249-B2C7-82AF1143DCD6}.Debug|Any CPU.Build.0 = Debug|Any CPU
		{2CC99A62-C7F8-4249-B2C7-82AF1143DCD6}.Release|Any CPU.ActiveCfg = Release|Any CPU
		{2CC99A62-C7F8-4249-B2C7-82AF1143DCD6}.Release|Any CPU.Build.0 = Release|Any CPU
	EndGlobalSection
EndGlobal
